// !$*UTF8*$!
{
	archiveVersion = 1;
	classes = {
	};
	objectVersion = 46;
	objects = {

/* Begin PBXBuildFile section */
		896197AA15756DD700BF9D4C /* Jet.m in Sources */ = {isa = PBXBuildFile; fileRef = 896197A115756DD700BF9D4C /* Jet.m */; };
		896197AB15756DD700BF9D4C /* JetTypeViewController.m in Sources */ = {isa = PBXBuildFile; fileRef = 896197A315756DD700BF9D4C /* JetTypeViewController.m */; };
		896197AC15756DD700BF9D4C /* JetViewController.m in Sources */ = {isa = PBXBuildFile; fileRef = 896197A515756DD700BF9D4C /* JetViewController.m */; };
		896197AD15756DD700BF9D4C /* Pilot.m in Sources */ = {isa = PBXBuildFile; fileRef = 896197A715756DD700BF9D4C /* Pilot.m */; };
		896197AE15756DD700BF9D4C /* PilotViewController.m in Sources */ = {isa = PBXBuildFile; fileRef = 896197A915756DD700BF9D4C /* PilotViewController.m */; };
		896197B515756DF400BF9D4C /* AbstractStateTableViewCell.m in Sources */ = {isa = PBXBuildFile; fileRef = 896197B015756DF400BF9D4C /* AbstractStateTableViewCell.m */; };
		896197B615756DF400BF9D4C /* CheckTableViewCell.m in Sources */ = {isa = PBXBuildFile; fileRef = 896197B215756DF400BF9D4C /* CheckTableViewCell.m */; };
		896197B715756DF400BF9D4C /* SwitchTableViewCell.m in Sources */ = {isa = PBXBuildFile; fileRef = 896197B415756DF400BF9D4C /* SwitchTableViewCell.m */; };
		896197BA15756DFE00BF9D4C /* PushTableViewCell.m in Sources */ = {isa = PBXBuildFile; fileRef = 896197B915756DFE00BF9D4C /* PushTableViewCell.m */; };
		896197BF15756E0A00BF9D4C /* EditTableViewCell.m in Sources */ = {isa = PBXBuildFile; fileRef = 896197BC15756E0A00BF9D4C /* EditTableViewCell.m */; };
		896197C015756E0A00BF9D4C /* FlexibleEditTableViewCell.m in Sources */ = {isa = PBXBuildFile; fileRef = 896197BE15756E0A00BF9D4C /* FlexibleEditTableViewCell.m */; };
		896197C315756E1600BF9D4C /* TextTableViewCell.m in Sources */ = {isa = PBXBuildFile; fileRef = 896197C215756E1600BF9D4C /* TextTableViewCell.m */; };
		896197C615756E2000BF9D4C /* AbstractSmartTableViewCell.m in Sources */ = {isa = PBXBuildFile; fileRef = 896197C515756E2000BF9D4C /* AbstractSmartTableViewCell.m */; };
		896197CB15756E3400BF9D4C /* SmartTableViewController.m in Sources */ = {isa = PBXBuildFile; fileRef = 896197C815756E3400BF9D4C /* SmartTableViewController.m */; };
		896197CC15756E3400BF9D4C /* TableSectionContainer.m in Sources */ = {isa = PBXBuildFile; fileRef = 896197CA15756E3400BF9D4C /* TableSectionContainer.m */; };
		C62232DC1573CAF300780A85 /* UIKit.framework in Frameworks */ = {isa = PBXBuildFile; fileRef = C62232DB1573CAF300780A85 /* UIKit.framework */; };
		C62232DE1573CAF300780A85 /* Foundation.framework in Frameworks */ = {isa = PBXBuildFile; fileRef = C62232DD1573CAF300780A85 /* Foundation.framework */; };
		C62232E01573CAF300780A85 /* CoreGraphics.framework in Frameworks */ = {isa = PBXBuildFile; fileRef = C62232DF1573CAF300780A85 /* CoreGraphics.framework */; };
		C62232E61573CAF300780A85 /* InfoPlist.strings in Resources */ = {isa = PBXBuildFile; fileRef = C62232E41573CAF300780A85 /* InfoPlist.strings */; };
		C62232E81573CAF300780A85 /* main.m in Sources */ = {isa = PBXBuildFile; fileRef = C62232E71573CAF300780A85 /* main.m */; };
		C62232EC1573CAF300780A85 /* AppDelegate.m in Sources */ = {isa = PBXBuildFile; fileRef = C62232EB1573CAF300780A85 /* AppDelegate.m */; };
/* End PBXBuildFile section */

/* Begin PBXFileReference section */
		896197A015756DD700BF9D4C /* Jet.h */ = {isa = PBXFileReference; fileEncoding = 4; lastKnownFileType = sourcecode.c.h; name = Jet.h; path = Sample/Jet.h; sourceTree = "<group>"; };
		896197A115756DD700BF9D4C /* Jet.m */ = {isa = PBXFileReference; fileEncoding = 4; lastKnownFileType = sourcecode.c.objc; name = Jet.m; path = Sample/Jet.m; sourceTree = "<group>"; };
		896197A215756DD700BF9D4C /* JetTypeViewController.h */ = {isa = PBXFileReference; fileEncoding = 4; lastKnownFileType = sourcecode.c.h; name = JetTypeViewController.h; path = Sample/JetTypeViewController.h; sourceTree = "<group>"; };
		896197A315756DD700BF9D4C /* JetTypeViewController.m */ = {isa = PBXFileReference; fileEncoding = 4; lastKnownFileType = sourcecode.c.objc; name = JetTypeViewController.m; path = Sample/JetTypeViewController.m; sourceTree = "<group>"; };
		896197A415756DD700BF9D4C /* JetViewController.h */ = {isa = PBXFileReference; fileEncoding = 4; lastKnownFileType = sourcecode.c.h; name = JetViewController.h; path = Sample/JetViewController.h; sourceTree = "<group>"; };
		896197A515756DD700BF9D4C /* JetViewController.m */ = {isa = PBXFileReference; fileEncoding = 4; lastKnownFileType = sourcecode.c.objc; name = JetViewController.m; path = Sample/JetViewController.m; sourceTree = "<group>"; };
		896197A615756DD700BF9D4C /* Pilot.h */ = {isa = PBXFileReference; fileEncoding = 4; lastKnownFileType = sourcecode.c.h; name = Pilot.h; path = Sample/Pilot.h; sourceTree = "<group>"; };
		896197A715756DD700BF9D4C /* Pilot.m */ = {isa = PBXFileReference; fileEncoding = 4; lastKnownFileType = sourcecode.c.objc; name = Pilot.m; path = Sample/Pilot.m; sourceTree = "<group>"; };
		896197A815756DD700BF9D4C /* PilotViewController.h */ = {isa = PBXFileReference; fileEncoding = 4; lastKnownFileType = sourcecode.c.h; name = PilotViewController.h; path = Sample/PilotViewController.h; sourceTree = "<group>"; };
		896197A915756DD700BF9D4C /* PilotViewController.m */ = {isa = PBXFileReference; fileEncoding = 4; lastKnownFileType = sourcecode.c.objc; name = PilotViewController.m; path = Sample/PilotViewController.m; sourceTree = "<group>"; };
		896197AF15756DF400BF9D4C /* AbstractStateTableViewCell.h */ = {isa = PBXFileReference; fileEncoding = 4; lastKnownFileType = sourcecode.c.h; name = AbstractStateTableViewCell.h; path = SmartTableViewController/Cells/State/AbstractStateTableViewCell.h; sourceTree = "<group>"; };
		896197B015756DF400BF9D4C /* AbstractStateTableViewCell.m */ = {isa = PBXFileReference; fileEncoding = 4; lastKnownFileType = sourcecode.c.objc; name = AbstractStateTableViewCell.m; path = SmartTableViewController/Cells/State/AbstractStateTableViewCell.m; sourceTree = "<group>"; };
		896197B115756DF400BF9D4C /* CheckTableViewCell.h */ = {isa = PBXFileReference; fileEncoding = 4; lastKnownFileType = sourcecode.c.h; name = CheckTableViewCell.h; path = SmartTableViewController/Cells/State/CheckTableViewCell.h; sourceTree = "<group>"; };
		896197B215756DF400BF9D4C /* CheckTableViewCell.m */ = {isa = PBXFileReference; fileEncoding = 4; lastKnownFileType = sourcecode.c.objc; name = CheckTableViewCell.m; path = SmartTableViewController/Cells/State/CheckTableViewCell.m; sourceTree = "<group>"; };
		896197B315756DF400BF9D4C /* SwitchTableViewCell.h */ = {isa = PBXFileReference; fileEncoding = 4; lastKnownFileType = sourcecode.c.h; name = SwitchTableViewCell.h; path = SmartTableViewController/Cells/State/SwitchTableViewCell.h; sourceTree = "<group>"; };
		896197B415756DF400BF9D4C /* SwitchTableViewCell.m */ = {isa = PBXFileReference; fileEncoding = 4; lastKnownFileType = sourcecode.c.objc; name = SwitchTableViewCell.m; path = SmartTableViewController/Cells/State/SwitchTableViewCell.m; sourceTree = "<group>"; };
		896197B815756DFE00BF9D4C /* PushTableViewCell.h */ = {isa = PBXFileReference; fileEncoding = 4; lastKnownFileType = sourcecode.c.h; name = PushTableViewCell.h; path = SmartTableViewController/Cells/Push/PushTableViewCell.h; sourceTree = "<group>"; };
		896197B915756DFE00BF9D4C /* PushTableViewCell.m */ = {isa = PBXFileReference; fileEncoding = 4; lastKnownFileType = sourcecode.c.objc; name = PushTableViewCell.m; path = SmartTableViewController/Cells/Push/PushTableViewCell.m; sourceTree = "<group>"; };
		896197BB15756E0A00BF9D4C /* EditTableViewCell.h */ = {isa = PBXFileReference; fileEncoding = 4; lastKnownFileType = sourcecode.c.h; name = EditTableViewCell.h; path = SmartTableViewController/Cells/Edit/EditTableViewCell.h; sourceTree = "<group>"; };
		896197BC15756E0A00BF9D4C /* EditTableViewCell.m */ = {isa = PBXFileReference; fileEncoding = 4; lastKnownFileType = sourcecode.c.objc; name = EditTableViewCell.m; path = SmartTableViewController/Cells/Edit/EditTableViewCell.m; sourceTree = "<group>"; };
		896197BD15756E0A00BF9D4C /* FlexibleEditTableViewCell.h */ = {isa = PBXFileReference; fileEncoding = 4; lastKnownFileType = sourcecode.c.h; name = FlexibleEditTableViewCell.h; path = SmartTableViewController/Cells/Edit/FlexibleEditTableViewCell.h; sourceTree = "<group>"; };
		896197BE15756E0A00BF9D4C /* FlexibleEditTableViewCell.m */ = {isa = PBXFileReference; fileEncoding = 4; lastKnownFileType = sourcecode.c.objc; name = FlexibleEditTableViewCell.m; path = SmartTableViewController/Cells/Edit/FlexibleEditTableViewCell.m; sourceTree = "<group>"; };
		896197C115756E1600BF9D4C /* TextTableViewCell.h */ = {isa = PBXFileReference; fileEncoding = 4; lastKnownFileType = sourcecode.c.h; name = TextTableViewCell.h; path = SmartTableViewController/Cells/Text/TextTableViewCell.h; sourceTree = "<group>"; };
		896197C215756E1600BF9D4C /* TextTableViewCell.m */ = {isa = PBXFileReference; fileEncoding = 4; lastKnownFileType = sourcecode.c.objc; name = TextTableViewCell.m; path = SmartTableViewController/Cells/Text/TextTableViewCell.m; sourceTree = "<group>"; };
		896197C415756E2000BF9D4C /* AbstractSmartTableViewCell.h */ = {isa = PBXFileReference; fileEncoding = 4; lastKnownFileType = sourcecode.c.h; name = AbstractSmartTableViewCell.h; path = SmartTableViewController/Cells/AbstractSmartTableViewCell.h; sourceTree = "<group>"; };
		896197C515756E2000BF9D4C /* AbstractSmartTableViewCell.m */ = {isa = PBXFileReference; fileEncoding = 4; lastKnownFileType = sourcecode.c.objc; name = AbstractSmartTableViewCell.m; path = SmartTableViewController/Cells/AbstractSmartTableViewCell.m; sourceTree = "<group>"; };
		896197C715756E3400BF9D4C /* SmartTableViewController.h */ = {isa = PBXFileReference; fileEncoding = 4; lastKnownFileType = sourcecode.c.h; name = SmartTableViewController.h; path = SmartTableViewController/SmartTableViewController.h; sourceTree = "<group>"; };
		896197C815756E3400BF9D4C /* SmartTableViewController.m */ = {isa = PBXFileReference; fileEncoding = 4; lastKnownFileType = sourcecode.c.objc; name = SmartTableViewController.m; path = SmartTableViewController/SmartTableViewController.m; sourceTree = "<group>"; };
		896197C915756E3400BF9D4C /* TableSectionContainer.h */ = {isa = PBXFileReference; fileEncoding = 4; lastKnownFileType = sourcecode.c.h; name = TableSectionContainer.h; path = SmartTableViewController/TableSectionContainer.h; sourceTree = "<group>"; };
		896197CA15756E3400BF9D4C /* TableSectionContainer.m */ = {isa = PBXFileReference; fileEncoding = 4; lastKnownFileType = sourcecode.c.objc; name = TableSectionContainer.m; path = SmartTableViewController/TableSectionContainer.m; sourceTree = "<group>"; };
		C62232D71573CAF300780A85 /* SmartTables.app */ = {isa = PBXFileReference; explicitFileType = wrapper.application; includeInIndex = 0; path = SmartTables.app; sourceTree = BUILT_PRODUCTS_DIR; };
		C62232DB1573CAF300780A85 /* UIKit.framework */ = {isa = PBXFileReference; lastKnownFileType = wrapper.framework; name = UIKit.framework; path = System/Library/Frameworks/UIKit.framework; sourceTree = SDKROOT; };
		C62232DD1573CAF300780A85 /* Foundation.framework */ = {isa = PBXFileReference; lastKnownFileType = wrapper.framework; name = Foundation.framework; path = System/Library/Frameworks/Foundation.framework; sourceTree = SDKROOT; };
		C62232DF1573CAF300780A85 /* CoreGraphics.framework */ = {isa = PBXFileReference; lastKnownFileType = wrapper.framework; name = CoreGraphics.framework; path = System/Library/Frameworks/CoreGraphics.framework; sourceTree = SDKROOT; };
		C62232E31573CAF300780A85 /* SmartTables-Info.plist */ = {isa = PBXFileReference; lastKnownFileType = text.plist.xml; path = "SmartTables-Info.plist"; sourceTree = "<group>"; };
		C62232E51573CAF300780A85 /* en */ = {isa = PBXFileReference; lastKnownFileType = text.plist.strings; name = en; path = en.lproj/InfoPlist.strings; sourceTree = "<group>"; };
		C62232E71573CAF300780A85 /* main.m */ = {isa = PBXFileReference; lastKnownFileType = sourcecode.c.objc; path = main.m; sourceTree = "<group>"; };
		C62232E91573CAF300780A85 /* SmartTables-Prefix.pch */ = {isa = PBXFileReference; lastKnownFileType = sourcecode.c.h; path = "SmartTables-Prefix.pch"; sourceTree = "<group>"; };
		C62232EA1573CAF300780A85 /* AppDelegate.h */ = {isa = PBXFileReference; lastKnownFileType = sourcecode.c.h; path = AppDelegate.h; sourceTree = "<group>"; };
		C62232EB1573CAF300780A85 /* AppDelegate.m */ = {isa = PBXFileReference; lastKnownFileType = sourcecode.c.objc; path = AppDelegate.m; sourceTree = "<group>"; };
/* End PBXFileReference section */

/* Begin PBXFrameworksBuildPhase section */
		C62232D41573CAF300780A85 /* Frameworks */ = {
			isa = PBXFrameworksBuildPhase;
			buildActionMask = 2147483647;
			files = (
				C62232DC1573CAF300780A85 /* UIKit.framework in Frameworks */,
				C62232DE1573CAF300780A85 /* Foundation.framework in Frameworks */,
				C62232E01573CAF300780A85 /* CoreGraphics.framework in Frameworks */,
			);
			runOnlyForDeploymentPostprocessing = 0;
		};
/* End PBXFrameworksBuildPhase section */

/* Begin PBXGroup section */
		C62232CC1573CAF200780A85 = {
			isa = PBXGroup;
			children = (
				C62232E11573CAF300780A85 /* SmartTables */,
				C62232DA1573CAF300780A85 /* Frameworks */,
				C62232D81573CAF300780A85 /* Products */,
			);
			sourceTree = "<group>";
		};
		C62232D81573CAF300780A85 /* Products */ = {
			isa = PBXGroup;
			children = (
				C62232D71573CAF300780A85 /* SmartTables.app */,
			);
			name = Products;
			sourceTree = "<group>";
		};
		C62232DA1573CAF300780A85 /* Frameworks */ = {
			isa = PBXGroup;
			children = (
				C62232DB1573CAF300780A85 /* UIKit.framework */,
				C62232DD1573CAF300780A85 /* Foundation.framework */,
				C62232DF1573CAF300780A85 /* CoreGraphics.framework */,
			);
			name = Frameworks;
			sourceTree = "<group>";
		};
		C62232E11573CAF300780A85 /* SmartTables */ = {
			isa = PBXGroup;
			children = (
				C622331F1573CF8700780A85 /* Sample Model */,
				C62232F81573CB0100780A85 /* SmartTableViewController */,
				C62232EA1573CAF300780A85 /* AppDelegate.h */,
				C62232EB1573CAF300780A85 /* AppDelegate.m */,
				C62232E21573CAF300780A85 /* Supporting Files */,
			);
			path = SmartTables;
			sourceTree = "<group>";
		};
		C62232E21573CAF300780A85 /* Supporting Files */ = {
			isa = PBXGroup;
			children = (
				C62232E31573CAF300780A85 /* SmartTables-Info.plist */,
				C62232E41573CAF300780A85 /* InfoPlist.strings */,
				C62232E71573CAF300780A85 /* main.m */,
				C62232E91573CAF300780A85 /* SmartTables-Prefix.pch */,
			);
			name = "Supporting Files";
			sourceTree = "<group>";
		};
		C62232F81573CB0100780A85 /* SmartTableViewController */ = {
			isa = PBXGroup;
			children = (
				C62233171573CC2000780A85 /* Cells */,
				896197C715756E3400BF9D4C /* SmartTableViewController.h */,
				896197C815756E3400BF9D4C /* SmartTableViewController.m */,
				896197C915756E3400BF9D4C /* TableSectionContainer.h */,
				896197CA15756E3400BF9D4C /* TableSectionContainer.m */,
			);
			name = SmartTableViewController;
			sourceTree = "<group>";
		};
		C62233171573CC2000780A85 /* Cells */ = {
			isa = PBXGroup;
			children = (
				C622331B1573CC4E00780A85 /* State */,
				C622331A1573CC4A00780A85 /* Push */,
				C62233191573CC4500780A85 /* Edit */,
				C62233181573CC4000780A85 /* Text */,
				896197C415756E2000BF9D4C /* AbstractSmartTableViewCell.h */,
				896197C515756E2000BF9D4C /* AbstractSmartTableViewCell.m */,
			);
			name = Cells;
			sourceTree = "<group>";
		};
		C62233181573CC4000780A85 /* Text */ = {
			isa = PBXGroup;
			children = (
				896197C115756E1600BF9D4C /* TextTableViewCell.h */,
				896197C215756E1600BF9D4C /* TextTableViewCell.m */,
			);
			name = Text;
			sourceTree = "<group>";
		};
		C62233191573CC4500780A85 /* Edit */ = {
			isa = PBXGroup;
			children = (
				896197BB15756E0A00BF9D4C /* EditTableViewCell.h */,
				896197BC15756E0A00BF9D4C /* EditTableViewCell.m */,
				896197BD15756E0A00BF9D4C /* FlexibleEditTableViewCell.h */,
				896197BE15756E0A00BF9D4C /* FlexibleEditTableViewCell.m */,
			);
			name = Edit;
			sourceTree = "<group>";
		};
		C622331A1573CC4A00780A85 /* Push */ = {
			isa = PBXGroup;
			children = (
				896197B815756DFE00BF9D4C /* PushTableViewCell.h */,
				896197B915756DFE00BF9D4C /* PushTableViewCell.m */,
			);
			name = Push;
			sourceTree = "<group>";
		};
		C622331B1573CC4E00780A85 /* State */ = {
			isa = PBXGroup;
			children = (
				896197AF15756DF400BF9D4C /* AbstractStateTableViewCell.h */,
				896197B015756DF400BF9D4C /* AbstractStateTableViewCell.m */,
				896197B115756DF400BF9D4C /* CheckTableViewCell.h */,
				896197B215756DF400BF9D4C /* CheckTableViewCell.m */,
				896197B315756DF400BF9D4C /* SwitchTableViewCell.h */,
				896197B415756DF400BF9D4C /* SwitchTableViewCell.m */,
			);
			name = State;
			sourceTree = "<group>";
		};
		C622331F1573CF8700780A85 /* Sample Model */ = {
			isa = PBXGroup;
			children = (
				896197A015756DD700BF9D4C /* Jet.h */,
				896197A115756DD700BF9D4C /* Jet.m */,
				896197A215756DD700BF9D4C /* JetTypeViewController.h */,
				896197A315756DD700BF9D4C /* JetTypeViewController.m */,
				896197A415756DD700BF9D4C /* JetViewController.h */,
				896197A515756DD700BF9D4C /* JetViewController.m */,
				896197A615756DD700BF9D4C /* Pilot.h */,
				896197A715756DD700BF9D4C /* Pilot.m */,
				896197A815756DD700BF9D4C /* PilotViewController.h */,
				896197A915756DD700BF9D4C /* PilotViewController.m */,
			);
			name = "Sample Model";
			sourceTree = "<group>";
		};
/* End PBXGroup section */

/* Begin PBXNativeTarget section */
		C62232D61573CAF300780A85 /* SmartTables */ = {
			isa = PBXNativeTarget;
			buildConfigurationList = C62232F51573CAF300780A85 /* Build configuration list for PBXNativeTarget "SmartTables" */;
			buildPhases = (
				C62232D31573CAF300780A85 /* Sources */,
				C62232D41573CAF300780A85 /* Frameworks */,
				C62232D51573CAF300780A85 /* Resources */,
			);
			buildRules = (
			);
			dependencies = (
			);
			name = SmartTables;
			productName = SmartTables;
			productReference = C62232D71573CAF300780A85 /* SmartTables.app */;
			productType = "com.apple.product-type.application";
		};
/* End PBXNativeTarget section */

/* Begin PBXProject section */
		C62232CE1573CAF200780A85 /* Project object */ = {
			isa = PBXProject;
			attributes = {
				LastUpgradeCheck = 0430;
				ORGANIZATIONNAME = "Yota Labs LLC, Russia";
			};
			buildConfigurationList = C62232D11573CAF200780A85 /* Build configuration list for PBXProject "SmartTables" */;
			compatibilityVersion = "Xcode 3.2";
			developmentRegion = English;
			hasScannedForEncodings = 0;
			knownRegions = (
				en,
			);
			mainGroup = C62232CC1573CAF200780A85;
			productRefGroup = C62232D81573CAF300780A85 /* Products */;
			projectDirPath = "";
			projectRoot = "";
			targets = (
				C62232D61573CAF300780A85 /* SmartTables */,
			);
		};
/* End PBXProject section */

/* Begin PBXResourcesBuildPhase section */
		C62232D51573CAF300780A85 /* Resources */ = {
			isa = PBXResourcesBuildPhase;
			buildActionMask = 2147483647;
			files = (
				C62232E61573CAF300780A85 /* InfoPlist.strings in Resources */,
			);
			runOnlyForDeploymentPostprocessing = 0;
		};
/* End PBXResourcesBuildPhase section */

/* Begin PBXSourcesBuildPhase section */
		C62232D31573CAF300780A85 /* Sources */ = {
			isa = PBXSourcesBuildPhase;
			buildActionMask = 2147483647;
			files = (
				C62232E81573CAF300780A85 /* main.m in Sources */,
				C62232EC1573CAF300780A85 /* AppDelegate.m in Sources */,
				896197AA15756DD700BF9D4C /* Jet.m in Sources */,
				896197AB15756DD700BF9D4C /* JetTypeViewController.m in Sources */,
				896197AC15756DD700BF9D4C /* JetViewController.m in Sources */,
				896197AD15756DD700BF9D4C /* Pilot.m in Sources */,
				896197AE15756DD700BF9D4C /* PilotViewController.m in Sources */,
				896197B515756DF400BF9D4C /* AbstractStateTableViewCell.m in Sources */,
				896197B615756DF400BF9D4C /* CheckTableViewCell.m in Sources */,
				896197B715756DF400BF9D4C /* SwitchTableViewCell.m in Sources */,
				896197BA15756DFE00BF9D4C /* PushTableViewCell.m in Sources */,
				896197BF15756E0A00BF9D4C /* EditTableViewCell.m in Sources */,
				896197C015756E0A00BF9D4C /* FlexibleEditTableViewCell.m in Sources */,
				896197C315756E1600BF9D4C /* TextTableViewCell.m in Sources */,
				896197C615756E2000BF9D4C /* AbstractSmartTableViewCell.m in Sources */,
				896197CB15756E3400BF9D4C /* SmartTableViewController.m in Sources */,
				896197CC15756E3400BF9D4C /* TableSectionContainer.m in Sources */,
			);
			runOnlyForDeploymentPostprocessing = 0;
		};
/* End PBXSourcesBuildPhase section */

/* Begin PBXVariantGroup section */
		C62232E41573CAF300780A85 /* InfoPlist.strings */ = {
			isa = PBXVariantGroup;
			children = (
				C62232E51573CAF300780A85 /* en */,
			);
			name = InfoPlist.strings;
			sourceTree = "<group>";
		};
/* End PBXVariantGroup section */

/* Begin XCBuildConfiguration section */
		C62232F31573CAF300780A85 /* Debug */ = {
			isa = XCBuildConfiguration;
			buildSettings = {
				ALWAYS_SEARCH_USER_PATHS = NO;
				ARCHS = "$(ARCHS_STANDARD_32_BIT)";
				"CODE_SIGN_IDENTITY[sdk=iphoneos*]" = "iPhone Developer";
				COPY_PHASE_STRIP = NO;
				GCC_C_LANGUAGE_STANDARD = gnu99;
				GCC_DYNAMIC_NO_PIC = NO;
				GCC_OPTIMIZATION_LEVEL = 0;
				GCC_PREPROCESSOR_DEFINITIONS = (
					"DEBUG=1",
					"$(inherited)",
				);
				GCC_SYMBOLS_PRIVATE_EXTERN = NO;
				GCC_VERSION = com.apple.compilers.llvm.clang.1_0;
				GCC_WARN_ABOUT_RETURN_TYPE = YES;
				GCC_WARN_UNINITIALIZED_AUTOS = YES;
				GCC_WARN_UNUSED_VARIABLE = YES;
				IPHONEOS_DEPLOYMENT_TARGET = 5.1;
				SDKROOT = iphoneos;
			};
			name = Debug;
		};
		C62232F41573CAF300780A85 /* Release */ = {
			isa = XCBuildConfiguration;
			buildSettings = {
				ALWAYS_SEARCH_USER_PATHS = NO;
				ARCHS = "$(ARCHS_STANDARD_32_BIT)";
				"CODE_SIGN_IDENTITY[sdk=iphoneos*]" = "iPhone Developer";
				COPY_PHASE_STRIP = YES;
				GCC_C_LANGUAGE_STANDARD = gnu99;
				GCC_VERSION = com.apple.compilers.llvm.clang.1_0;
				GCC_WARN_ABOUT_RETURN_TYPE = YES;
				GCC_WARN_UNINITIALIZED_AUTOS = YES;
				GCC_WARN_UNUSED_VARIABLE = YES;
				IPHONEOS_DEPLOYMENT_TARGET = 5.1;
				OTHER_CFLAGS = "-DNS_BLOCK_ASSERTIONS=1";
				SDKROOT = iphoneos;
				VALIDATE_PRODUCT = YES;
			};
			name = Release;
		};
		C62232F61573CAF300780A85 /* Debug */ = {
			isa = XCBuildConfiguration;
			buildSettings = {
				GCC_PRECOMPILE_PREFIX_HEADER = YES;
				GCC_PREFIX_HEADER = "SmartTables/SmartTables-Prefix.pch";
				INFOPLIST_FILE = "SmartTables/SmartTables-Info.plist";
				PRODUCT_NAME = "$(TARGET_NAME)";
				WRAPPER_EXTENSION = app;
			};
			name = Debug;
		};
		C62232F71573CAF300780A85 /* Release */ = {
			isa = XCBuildConfiguration;
			buildSettings = {
				GCC_PRECOMPILE_PREFIX_HEADER = YES;
				GCC_PREFIX_HEADER = "SmartTables/SmartTables-Prefix.pch";
				INFOPLIST_FILE = "SmartTables/SmartTables-Info.plist";
				PRODUCT_NAME = "$(TARGET_NAME)";
				WRAPPER_EXTENSION = app;
			};
			name = Release;
		};
/* End XCBuildConfiguration section */

/* Begin XCConfigurationList section */
		C62232D11573CAF200780A85 /* Build configuration list for PBXProject "SmartTables" */ = {
			isa = XCConfigurationList;
			buildConfigurations = (
				C62232F31573CAF300780A85 /* Debug */,
				C62232F41573CAF300780A85 /* Release */,
			);
			defaultConfigurationIsVisible = 0;
			defaultConfigurationName = Release;
		};
		C62232F51573CAF300780A85 /* Build configuration list for PBXNativeTarget "SmartTables" */ = {
			isa = XCConfigurationList;
			buildConfigurations = (
				C62232F61573CAF300780A85 /* Debug */,
				C62232F71573CAF300780A85 /* Release */,
			);
			defaultConfigurationIsVisible = 0;
			defaultConfigurationName = Release;
		};
/* End XCConfigurationList section */
	};
	rootObject = C62232CE1573CAF200780A85 /* Project object */;
}
